
Microsoft Visual Studio Solution File, Format Version 12.00
# Visual Studio Version 17
VisualStudioVersion = 17.3.32929.385
MinimumVisualStudioVersion = 10.0.40219.1
Project("{9A19103F-16F7-4668-BE54-9A1E7A4F7556}") = "FactoryMethod", "src\Padroes\Criacionais\FactoryMethod\FactoryMethod.csproj", "{348E0EA7-110E-43EB-B7BF-900E0B6CC001}"
EndProject
Project("{9A19103F-16F7-4668-BE54-9A1E7A4F7556}") = "AbstractFactory", "src\Padroes\Criacionais\AbstractFactory\AbstractFactory.csproj", "{CFF690EB-DA23-4CF7-B125-AA673085437E}"
EndProject
Project("{9A19103F-16F7-4668-BE54-9A1E7A4F7556}") = "Builder", "src\Padroes\Criacionais\Builder\Builder.csproj", "{B6881A58-D3A9-41D3-B448-5A7C2E498E85}"
EndProject
Project("{9A19103F-16F7-4668-BE54-9A1E7A4F7556}") = "Prototype", "src\Padroes\Criacionais\Prototype\Prototype.csproj", "{9A3A2874-3E3A-46CF-88AC-88195F08ECF3}"
EndProject
Project("{FAE04EC0-301F-11D3-BF4B-00C04F79EFBC}") = "Adapter", "src\Padroes\Estruturais\Adapter\Adapter.csproj", "{43B37669-10D2-425D-9D22-2A3FCEE0B5D9}"
EndProject
Global
	GlobalSection(SolutionConfigurationPlatforms) = preSolution
		Debug|Any CPU = Debug|Any CPU
		Release|Any CPU = Release|Any CPU
	EndGlobalSection
	GlobalSection(ProjectConfigurationPlatforms) = postSolution
		{348E0EA7-110E-43EB-B7BF-900E0B6CC001}.Debug|Any CPU.ActiveCfg = Debug|Any CPU
		{348E0EA7-110E-43EB-B7BF-900E0B6CC001}.Debug|Any CPU.Build.0 = Debug|Any CPU
		{348E0EA7-110E-43EB-B7BF-900E0B6CC001}.Release|Any CPU.ActiveCfg = Release|Any CPU
		{348E0EA7-110E-43EB-B7BF-900E0B6CC001}.Release|Any CPU.Build.0 = Release|Any CPU
		{CFF690EB-DA23-4CF7-B125-AA673085437E}.Debug|Any CPU.ActiveCfg = Debug|Any CPU
		{CFF690EB-DA23-4CF7-B125-AA673085437E}.Debug|Any CPU.Build.0 = Debug|Any CPU
		{CFF690EB-DA23-4CF7-B125-AA673085437E}.Release|Any CPU.ActiveCfg = Release|Any CPU
		{CFF690EB-DA23-4CF7-B125-AA673085437E}.Release|Any CPU.Build.0 = Release|Any CPU
		{B6881A58-D3A9-41D3-B448-5A7C2E498E85}.Debug|Any CPU.ActiveCfg = Debug|Any CPU
		{B6881A58-D3A9-41D3-B448-5A7C2E498E85}.Debug|Any CPU.Build.0 = Debug|Any CPU
		{B6881A58-D3A9-41D3-B448-5A7C2E498E85}.Release|Any CPU.ActiveCfg = Release|Any CPU
		{B6881A58-D3A9-41D3-B448-5A7C2E498E85}.Release|Any CPU.Build.0 = Release|Any CPU
		{9A3A2874-3E3A-46CF-88AC-88195F08ECF3}.Debug|Any CPU.ActiveCfg = Debug|Any CPU
		{9A3A2874-3E3A-46CF-88AC-88195F08ECF3}.Debug|Any CPU.Build.0 = Debug|Any CPU
		{9A3A2874-3E3A-46CF-88AC-88195F08ECF3}.Release|Any CPU.ActiveCfg = Release|Any CPU
		{9A3A2874-3E3A-46CF-88AC-88195F08ECF3}.Release|Any CPU.Build.0 = Release|Any CPU
		{43B37669-10D2-425D-9D22-2A3FCEE0B5D9}.Debug|Any CPU.ActiveCfg = Debug|Any CPU
		{43B37669-10D2-425D-9D22-2A3FCEE0B5D9}.Debug|Any CPU.Build.0 = Debug|Any CPU
		{43B37669-10D2-425D-9D22-2A3FCEE0B5D9}.Release|Any CPU.ActiveCfg = Release|Any CPU
		{43B37669-10D2-425D-9D22-2A3FCEE0B5D9}.Release|Any CPU.Build.0 = Release|Any CPU
	EndGlobalSection
	GlobalSection(SolutionProperties) = preSolution
		HideSolutionNode = FALSE
	EndGlobalSection
	GlobalSection(ExtensibilityGlobals) = postSolution
		SolutionGuid = {A9FC509E-3674-4CD8-A108-FB160E87DF9E}
	EndGlobalSection
EndGlobal
